# THIS IS AN AUTOGENERATED FILE. DO NOT EDIT THIS FILE DIRECTLY.
# yarn lockfile v1


assemblyscript@^0.13.6:
  version "0.13.6"
  resolved "https://registry.yarnpkg.com/assemblyscript/-/assemblyscript-0.13.6.tgz#2654bb13e99d23e45433b8fdd58f82cff129262d"
  integrity sha512-08dr8yrzwXNbeQQYP/5fy0DO4FC/AWpRYLGfzMQBTNbC37y1d1z8GFR9Lm7zAPZiT4lpqnikpgLaTP5S6AWg4Q==
  dependencies:
    binaryen "93.0.0-nightly.20200609"
    long "^4.0.0"

binaryen@93.0.0-nightly.20200609:
  version "93.0.0-nightly.20200609"
  resolved "https://registry.yarnpkg.com/binaryen/-/binaryen-93.0.0-nightly.20200609.tgz#e7c9211911c0cff94b8682e895e4de630f110cd5"
  integrity sha512-CIaeav05u+fWRN2h1ecwIoSaOF/Mk6U85M/G6eg1nOHAXYYmOuh9TztF9Fu8krRWnl98J3W+VfDClApMV5zCtw==

long@^4.0.0:
  version "4.0.0"
  resolved "https://registry.yarnpkg.com/long/-/long-4.0.0.tgz#9a7b71cfb7d361a194ea555241c92f7468d5bf28"
  integrity sha512-XsP+KhQif4bjX1kbuSiySJFNAehNxgLb6hPRGJ9QsUr8ajHkuXGdrHmFUTUUXhDwVX2R5bY4JNZEwbUiMhV+MA==
